
Microsoft Visual Studio Solution File, Format Version 12.00
# Visual Studio Version 16
VisualStudioVersion = 16.0.30611.23
MinimumVisualStudioVersion = 10.0.40219.1
Project("{FAE04EC0-301F-11D3-BF4B-00C04F79EFBC}") = "Service", "Service\Service.csproj", "{B1E82A31-5FF1-4D34-A8CB-FF999967DC83}"
EndProject
Global
	GlobalSection(SolutionConfigurationPlatforms) = preSolution
		Debug|Any CPU = Debug|Any CPU
		Release|Any CPU = Release|Any CPU
	EndGlobalSection
	GlobalSection(ProjectConfigurationPlatforms) = postSolution
		{B1E82A31-5FF1-4D34-A8CB-FF999967DC83}.Debug|Any CPU.ActiveCfg = Debug|Any CPU
		{B1E82A31-5FF1-4D34-A8CB-FF999967DC83}.Debug|Any CPU.Build.0 = Debug|Any CPU
		{B1E82A31-5FF1-4D34-A8CB-FF999967DC83}.Release|Any CPU.ActiveCfg = Release|Any CPU
		{B1E82A31-5FF1-4D34-A8CB-FF999967DC83}.Release|Any CPU.Build.0 = Release|Any CPU
	EndGlobalSection
	GlobalSection(SolutionProperties) = preSolution
		HideSolutionNode = FALSE
	EndGlobalSection
	GlobalSection(ExtensibilityGlobals) = postSolution
		SolutionGuid = {0D08F6CA-5D6D-490F-BF12-AF14D1FA3065}
	EndGlobalSection
EndGlobal
